
Microsoft Visual Studio Solution File, Format Version 12.00
# Visual Studio Version 17
VisualStudioVersion = 17.3.32929.385
MinimumVisualStudioVersion = 10.0.40219.1
Project("{FAE04EC0-301F-11D3-BF4B-00C04F79EFBC}") = "HDBank.Web", "HDBank.Web\HDBank.Web.csproj", "{4E403172-92ED-46DD-8053-ADF078FE8085}"
EndProject
Project("{FAE04EC0-301F-11D3-BF4B-00C04F79EFBC}") = "HDBank.Core", "HDBank.Core\HDBank.Core.csproj", "{82AF7689-DB71-48DE-B56E-75D738F0B575}"
EndProject
Global
	GlobalSection(SolutionConfigurationPlatforms) = preSolution
		Debug|Any CPU = Debug|Any CPU
		Release|Any CPU = Release|Any CPU
	EndGlobalSection
	GlobalSection(ProjectConfigurationPlatforms) = postSolution
		{4E403172-92ED-46DD-8053-ADF078FE8085}.Debug|Any CPU.ActiveCfg = Debug|Any CPU
		{4E403172-92ED-46DD-8053-ADF078FE8085}.Debug|Any CPU.Build.0 = Debug|Any CPU
		{4E403172-92ED-46DD-8053-ADF078FE8085}.Release|Any CPU.ActiveCfg = Release|Any CPU
		{4E403172-92ED-46DD-8053-ADF078FE8085}.Release|Any CPU.Build.0 = Release|Any CPU
		{82AF7689-DB71-48DE-B56E-75D738F0B575}.Debug|Any CPU.ActiveCfg = Debug|Any CPU
		{82AF7689-DB71-48DE-B56E-75D738F0B575}.Debug|Any CPU.Build.0 = Debug|Any CPU
		{82AF7689-DB71-48DE-B56E-75D738F0B575}.Release|Any CPU.ActiveCfg = Release|Any CPU
		{82AF7689-DB71-48DE-B56E-75D738F0B575}.Release|Any CPU.Build.0 = Release|Any CPU
	EndGlobalSection
	GlobalSection(SolutionProperties) = preSolution
		HideSolutionNode = FALSE
	EndGlobalSection
	GlobalSection(ExtensibilityGlobals) = postSolution
		SolutionGuid = {09592663-FD6E-4C7D-B264-218FC2C44AC6}
	EndGlobalSection
EndGlobal
